
Microsoft Visual Studio Solution File, Format Version 12.00
# Visual Studio Version 17
VisualStudioVersion = 17.3.32929.385
MinimumVisualStudioVersion = 10.0.40219.1
Project("{9A19103F-16F7-4668-BE54-9A1E7A4F7556}") = "Exercise Appium Desktop", "Exercises Appium\Exercise Appium Desktop.csproj", "{F7A1F855-411A-4889-9837-1EB3A7AD81DA}"
EndProject
Project("{FAE04EC0-301F-11D3-BF4B-00C04F79EFBC}") = "Exercise Appium Mobile", "VivinoAppTests\Exercise Appium Mobile.csproj", "{ABE20E1D-F7F5-4C7C-BD9D-511840A7F939}"
EndProject
Global
	GlobalSection(SolutionConfigurationPlatforms) = preSolution
		Debug|Any CPU = Debug|Any CPU
		Release|Any CPU = Release|Any CPU
	EndGlobalSection
	GlobalSection(ProjectConfigurationPlatforms) = postSolution
		{F7A1F855-411A-4889-9837-1EB3A7AD81DA}.Debug|Any CPU.ActiveCfg = Debug|Any CPU
		{F7A1F855-411A-4889-9837-1EB3A7AD81DA}.Debug|Any CPU.Build.0 = Debug|Any CPU
		{F7A1F855-411A-4889-9837-1EB3A7AD81DA}.Release|Any CPU.ActiveCfg = Release|Any CPU
		{F7A1F855-411A-4889-9837-1EB3A7AD81DA}.Release|Any CPU.Build.0 = Release|Any CPU
		{ABE20E1D-F7F5-4C7C-BD9D-511840A7F939}.Debug|Any CPU.ActiveCfg = Debug|Any CPU
		{ABE20E1D-F7F5-4C7C-BD9D-511840A7F939}.Debug|Any CPU.Build.0 = Debug|Any CPU
		{ABE20E1D-F7F5-4C7C-BD9D-511840A7F939}.Release|Any CPU.ActiveCfg = Release|Any CPU
		{ABE20E1D-F7F5-4C7C-BD9D-511840A7F939}.Release|Any CPU.Build.0 = Release|Any CPU
	EndGlobalSection
	GlobalSection(SolutionProperties) = preSolution
		HideSolutionNode = FALSE
	EndGlobalSection
	GlobalSection(ExtensibilityGlobals) = postSolution
		SolutionGuid = {719B2C34-B0E4-44F4-BAAE-9F8680D27E3A}
	EndGlobalSection
EndGlobal
