
Microsoft Visual Studio Solution File, Format Version 12.00
# Visual Studio Version 17
VisualStudioVersion = 17.3.32929.385
MinimumVisualStudioVersion = 10.0.40219.1
Project("{FAE04EC0-301F-11D3-BF4B-00C04F79EFBC}") = "Exercises Selenium Web Driver", "Exercises Selenium Web Driver\Exercises Selenium Web Driver.csproj", "{CE884BA9-BC27-4441-A248-17C4B1747DCB}"
EndProject
Global
	GlobalSection(SolutionConfigurationPlatforms) = preSolution
		Debug|Any CPU = Debug|Any CPU
		Release|Any CPU = Release|Any CPU
	EndGlobalSection
	GlobalSection(ProjectConfigurationPlatforms) = postSolution
		{CE884BA9-BC27-4441-A248-17C4B1747DCB}.Debug|Any CPU.ActiveCfg = Debug|Any CPU
		{CE884BA9-BC27-4441-A248-17C4B1747DCB}.Debug|Any CPU.Build.0 = Debug|Any CPU
		{CE884BA9-BC27-4441-A248-17C4B1747DCB}.Release|Any CPU.ActiveCfg = Release|Any CPU
		{CE884BA9-BC27-4441-A248-17C4B1747DCB}.Release|Any CPU.Build.0 = Release|Any CPU
	EndGlobalSection
	GlobalSection(SolutionProperties) = preSolution
		HideSolutionNode = FALSE
	EndGlobalSection
	GlobalSection(ExtensibilityGlobals) = postSolution
		SolutionGuid = {E9585512-0C18-4D96-9358-E712B5F36513}
	EndGlobalSection
EndGlobal
